
Microsoft Visual Studio Solution File, Format Version 12.00
# Visual Studio 14
VisualStudioVersion = 14.0.25420.1
MinimumVisualStudioVersion = 10.0.40219.1
Project("{8BC9CEB8-8B4A-11D0-8D11-00A0C91BC942}") = "HevEn", "HevEn\HevEn.vcxproj", "{A6EE91E3-CD3E-4A03-A230-F7267C1AD0D8}"
EndProject
Project("{8BC9CEB8-8B4A-11D0-8D11-00A0C91BC942}") = "HevEnTools", "HevEnTools\HevEnTools.vcxproj", "{02640FD4-C7CF-4E31-B810-93FB5C6A81BB}"
EndProject
Project("{FAE04EC0-301F-11D3-BF4B-00C04F79EFBC}") = "HevEnEditor", "HevEnEditor\HevEnEditor.csproj", "{0A37EBFC-B8FE-4B9A-BFF3-C9F1938438D2}"
EndProject
Project("{FAE04EC0-301F-11D3-BF4B-00C04F79EFBC}") = "HevEnLauncher", "HevEnLauncher\HevEnLauncher.csproj", "{337B4457-1469-43F8-BA59-E15AEE6F9F1D}"
EndProject
Global
	GlobalSection(SolutionConfigurationPlatforms) = preSolution
		Debug|Any CPU = Debug|Any CPU
		Debug|x64 = Debug|x64
		Debug|x86 = Debug|x86
		Release|Any CPU = Release|Any CPU
		Release|x64 = Release|x64
		Release|x86 = Release|x86
	EndGlobalSection
	GlobalSection(ProjectConfigurationPlatforms) = postSolution
		{A6EE91E3-CD3E-4A03-A230-F7267C1AD0D8}.Debug|Any CPU.ActiveCfg = Debug|Win32
		{A6EE91E3-CD3E-4A03-A230-F7267C1AD0D8}.Debug|x64.ActiveCfg = Debug|x64
		{A6EE91E3-CD3E-4A03-A230-F7267C1AD0D8}.Debug|x64.Build.0 = Debug|x64
		{A6EE91E3-CD3E-4A03-A230-F7267C1AD0D8}.Debug|x86.ActiveCfg = Debug|Win32
		{A6EE91E3-CD3E-4A03-A230-F7267C1AD0D8}.Debug|x86.Build.0 = Debug|Win32
		{A6EE91E3-CD3E-4A03-A230-F7267C1AD0D8}.Release|Any CPU.ActiveCfg = Release|Win32
		{A6EE91E3-CD3E-4A03-A230-F7267C1AD0D8}.Release|x64.ActiveCfg = Release|x64
		{A6EE91E3-CD3E-4A03-A230-F7267C1AD0D8}.Release|x64.Build.0 = Release|x64
		{A6EE91E3-CD3E-4A03-A230-F7267C1AD0D8}.Release|x86.ActiveCfg = Release|Win32
		{A6EE91E3-CD3E-4A03-A230-F7267C1AD0D8}.Release|x86.Build.0 = Release|Win32
		{02640FD4-C7CF-4E31-B810-93FB5C6A81BB}.Debug|Any CPU.ActiveCfg = Debug|Win32
		{02640FD4-C7CF-4E31-B810-93FB5C6A81BB}.Debug|x64.ActiveCfg = Debug|x64
		{02640FD4-C7CF-4E31-B810-93FB5C6A81BB}.Debug|x64.Build.0 = Debug|x64
		{02640FD4-C7CF-4E31-B810-93FB5C6A81BB}.Debug|x86.ActiveCfg = Debug|Win32
		{02640FD4-C7CF-4E31-B810-93FB5C6A81BB}.Debug|x86.Build.0 = Debug|Win32
		{02640FD4-C7CF-4E31-B810-93FB5C6A81BB}.Release|Any CPU.ActiveCfg = Release|Win32
		{02640FD4-C7CF-4E31-B810-93FB5C6A81BB}.Release|x64.ActiveCfg = Release|x64
		{02640FD4-C7CF-4E31-B810-93FB5C6A81BB}.Release|x64.Build.0 = Release|x64
		{02640FD4-C7CF-4E31-B810-93FB5C6A81BB}.Release|x86.ActiveCfg = Release|Win32
		{02640FD4-C7CF-4E31-B810-93FB5C6A81BB}.Release|x86.Build.0 = Release|Win32
		{0A37EBFC-B8FE-4B9A-BFF3-C9F1938438D2}.Debug|Any CPU.ActiveCfg = Debug|Any CPU
		{0A37EBFC-B8FE-4B9A-BFF3-C9F1938438D2}.Debug|Any CPU.Build.0 = Debug|Any CPU
		{0A37EBFC-B8FE-4B9A-BFF3-C9F1938438D2}.Debug|x64.ActiveCfg = Debug|Any CPU
		{0A37EBFC-B8FE-4B9A-BFF3-C9F1938438D2}.Debug|x64.Build.0 = Debug|Any CPU
		{0A37EBFC-B8FE-4B9A-BFF3-C9F1938438D2}.Debug|x86.ActiveCfg = Debug|Any CPU
		{0A37EBFC-B8FE-4B9A-BFF3-C9F1938438D2}.Debug|x86.Build.0 = Debug|Any CPU
		{0A37EBFC-B8FE-4B9A-BFF3-C9F1938438D2}.Release|Any CPU.ActiveCfg = Release|Any CPU
		{0A37EBFC-B8FE-4B9A-BFF3-C9F1938438D2}.Release|Any CPU.Build.0 = Release|Any CPU
		{0A37EBFC-B8FE-4B9A-BFF3-C9F1938438D2}.Release|x64.ActiveCfg = Release|Any CPU
		{0A37EBFC-B8FE-4B9A-BFF3-C9F1938438D2}.Release|x64.Build.0 = Release|Any CPU
		{0A37EBFC-B8FE-4B9A-BFF3-C9F1938438D2}.Release|x86.ActiveCfg = Release|Any CPU
		{0A37EBFC-B8FE-4B9A-BFF3-C9F1938438D2}.Release|x86.Build.0 = Release|Any CPU
		{337B4457-1469-43F8-BA59-E15AEE6F9F1D}.Debug|Any CPU.ActiveCfg = Debug|Any CPU
		{337B4457-1469-43F8-BA59-E15AEE6F9F1D}.Debug|Any CPU.Build.0 = Debug|Any CPU
		{337B4457-1469-43F8-BA59-E15AEE6F9F1D}.Debug|x64.ActiveCfg = Debug|Any CPU
		{337B4457-1469-43F8-BA59-E15AEE6F9F1D}.Debug|x64.Build.0 = Debug|Any CPU
		{337B4457-1469-43F8-BA59-E15AEE6F9F1D}.Debug|x86.ActiveCfg = Debug|Any CPU
		{337B4457-1469-43F8-BA59-E15AEE6F9F1D}.Debug|x86.Build.0 = Debug|Any CPU
		{337B4457-1469-43F8-BA59-E15AEE6F9F1D}.Release|Any CPU.ActiveCfg = Release|Any CPU
		{337B4457-1469-43F8-BA59-E15AEE6F9F1D}.Release|Any CPU.Build.0 = Release|Any CPU
		{337B4457-1469-43F8-BA59-E15AEE6F9F1D}.Release|x64.ActiveCfg = Release|Any CPU
		{337B4457-1469-43F8-BA59-E15AEE6F9F1D}.Release|x64.Build.0 = Release|Any CPU
		{337B4457-1469-43F8-BA59-E15AEE6F9F1D}.Release|x86.ActiveCfg = Release|Any CPU
		{337B4457-1469-43F8-BA59-E15AEE6F9F1D}.Release|x86.Build.0 = Release|Any CPU
	EndGlobalSection
	GlobalSection(SolutionProperties) = preSolution
		HideSolutionNode = FALSE
	EndGlobalSection
EndGlobal
